
Microsoft Visual Studio Solution File, Format Version 12.00
# Visual Studio Version 17
VisualStudioVersion = 17.13.35806.99
MinimumVisualStudioVersion = 10.0.40219.1
Project("{FAE04EC0-301F-11D3-BF4B-00C04F79EFBC}") = "ENotification", "ENotification\ENotification.csproj", "{106CF8D2-FF4C-49CB-94E4-C5792020470D}"
EndProject
Global
	GlobalSection(SolutionConfigurationPlatforms) = preSolution
		Debug|Any CPU = Debug|Any CPU
		Release|Any CPU = Release|Any CPU
	EndGlobalSection
	GlobalSection(ProjectConfigurationPlatforms) = postSolution
		{106CF8D2-FF4C-49CB-94E4-C5792020470D}.Debug|Any CPU.ActiveCfg = Debug|Any CPU
		{106CF8D2-FF4C-49CB-94E4-C5792020470D}.Debug|Any CPU.Build.0 = Debug|Any CPU
		{106CF8D2-FF4C-49CB-94E4-C5792020470D}.Release|Any CPU.ActiveCfg = Release|Any CPU
		{106CF8D2-FF4C-49CB-94E4-C5792020470D}.Release|Any CPU.Build.0 = Release|Any CPU
	EndGlobalSection
	GlobalSection(SolutionProperties) = preSolution
		HideSolutionNode = FALSE
	EndGlobalSection
	GlobalSection(ExtensibilityGlobals) = postSolution
		SolutionGuid = {6A1F14FA-36C0-4554-A5EC-DEDDEB567EDD}
	EndGlobalSection
EndGlobal
