
Microsoft Visual Studio Solution File, Format Version 12.00
# Visual Studio Version 17
VisualStudioVersion = 17.13.35806.99
MinimumVisualStudioVersion = 10.0.40219.1
Project("{FAE04EC0-301F-11D3-BF4B-00C04F79EFBC}") = "API", "src\API\API.csproj", "{AC14E486-5391-439D-8912-E4C58C4A0193}"
EndProject
Global
	GlobalSection(SolutionConfigurationPlatforms) = preSolution
		Debug|Any CPU = Debug|Any CPU
		Release|Any CPU = Release|Any CPU
	EndGlobalSection
	GlobalSection(ProjectConfigurationPlatforms) = postSolution
		{AC14E486-5391-439D-8912-E4C58C4A0193}.Debug|Any CPU.ActiveCfg = Debug|Any CPU
		{AC14E486-5391-439D-8912-E4C58C4A0193}.Debug|Any CPU.Build.0 = Debug|Any CPU
		{AC14E486-5391-439D-8912-E4C58C4A0193}.Release|Any CPU.ActiveCfg = Release|Any CPU
		{AC14E486-5391-439D-8912-E4C58C4A0193}.Release|Any CPU.Build.0 = Release|Any CPU
	EndGlobalSection
	GlobalSection(SolutionProperties) = preSolution
		HideSolutionNode = FALSE
	EndGlobalSection
	GlobalSection(ExtensibilityGlobals) = postSolution
		SolutionGuid = {9C521309-3BFC-417A-B7BA-76AFAFB0F69B}
	EndGlobalSection
EndGlobal
